
Microsoft Visual Studio Solution File, Format Version 12.00
# Visual Studio Version 16
VisualStudioVersion = 16.0.31112.23
MinimumVisualStudioVersion = 10.0.40219.1
Project("{FAE04EC0-301F-11D3-BF4B-00C04F79EFBC}") = "SalesWebMvc", "SalesWebMvc\SalesWebMvc.csproj", "{34E0DBD1-4204-4EDE-B96A-3EDE8D648AED}"
EndProject
Global
	GlobalSection(SolutionConfigurationPlatforms) = preSolution
		Debug|Any CPU = Debug|Any CPU
		Release|Any CPU = Release|Any CPU
	EndGlobalSection
	GlobalSection(ProjectConfigurationPlatforms) = postSolution
		{34E0DBD1-4204-4EDE-B96A-3EDE8D648AED}.Debug|Any CPU.ActiveCfg = Debug|Any CPU
		{34E0DBD1-4204-4EDE-B96A-3EDE8D648AED}.Debug|Any CPU.Build.0 = Debug|Any CPU
		{34E0DBD1-4204-4EDE-B96A-3EDE8D648AED}.Release|Any CPU.ActiveCfg = Release|Any CPU
		{34E0DBD1-4204-4EDE-B96A-3EDE8D648AED}.Release|Any CPU.Build.0 = Release|Any CPU
	EndGlobalSection
	GlobalSection(SolutionProperties) = preSolution
		HideSolutionNode = FALSE
	EndGlobalSection
	GlobalSection(ExtensibilityGlobals) = postSolution
		SolutionGuid = {3FDE6D77-9DE2-45F8-A2E7-DD5D30177378}
	EndGlobalSection
EndGlobal
